
Microsoft Visual Studio Solution File, Format Version 12.00
Project("{2150E333-8FDC-42A3-9474-1A3956D46DE8}") = "src", "src", "{B9834551-8C2D-4934-8B0C-3762E9CE1F59}"
EndProject
Project("{FAE04EC0-301F-11D3-BF4B-00C04F79EFBC}") = "Web", "src\Web\Web.csproj", "{F41B1825-4828-45B1-B029-F04356699A6C}"
EndProject
Project("{FAE04EC0-301F-11D3-BF4B-00C04F79EFBC}") = "Application", "src\Application\Application.csproj", "{5717701B-1825-4200-81C0-3E33B9CBC384}"
EndProject
Project("{FAE04EC0-301F-11D3-BF4B-00C04F79EFBC}") = "Domain", "src\Domain\Domain.csproj", "{ADF68387-4C00-41C3-B9CE-C2972DA305E5}"
EndProject
Project("{FAE04EC0-301F-11D3-BF4B-00C04F79EFBC}") = "Infrastructure", "src\Infrastructure\Infrastructure.csproj", "{AF583D61-C44F-49E7-8D16-F15F188BA2FF}"
EndProject
Project("{2150E333-8FDC-42A3-9474-1A3956D46DE8}") = "tests", "tests", "{2E034143-2F52-4BAA-9B98-4B17DEC97E44}"
EndProject
Project("{FAE04EC0-301F-11D3-BF4B-00C04F79EFBC}") = "UnitTests", "tests\UnitTests\UnitTests.csproj", "{1F67B61A-C9E1-475A-84ED-DB0A4212ECF1}"
EndProject
Project("{FAE04EC0-301F-11D3-BF4B-00C04F79EFBC}") = "ArchTests", "tests\ArchTests\ArchTests.csproj", "{5EFFE0D1-C211-479C-83EA-DBD2E722E390}"
EndProject
Global
	GlobalSection(SolutionConfigurationPlatforms) = preSolution
		Debug|Any CPU = Debug|Any CPU
		Release|Any CPU = Release|Any CPU
	EndGlobalSection
	GlobalSection(ProjectConfigurationPlatforms) = postSolution
		{F41B1825-4828-45B1-B029-F04356699A6C}.Debug|Any CPU.ActiveCfg = Debug|Any CPU
		{F41B1825-4828-45B1-B029-F04356699A6C}.Debug|Any CPU.Build.0 = Debug|Any CPU
		{F41B1825-4828-45B1-B029-F04356699A6C}.Release|Any CPU.ActiveCfg = Release|Any CPU
		{F41B1825-4828-45B1-B029-F04356699A6C}.Release|Any CPU.Build.0 = Release|Any CPU
		{5717701B-1825-4200-81C0-3E33B9CBC384}.Debug|Any CPU.ActiveCfg = Debug|Any CPU
		{5717701B-1825-4200-81C0-3E33B9CBC384}.Debug|Any CPU.Build.0 = Debug|Any CPU
		{5717701B-1825-4200-81C0-3E33B9CBC384}.Release|Any CPU.ActiveCfg = Release|Any CPU
		{5717701B-1825-4200-81C0-3E33B9CBC384}.Release|Any CPU.Build.0 = Release|Any CPU
		{ADF68387-4C00-41C3-B9CE-C2972DA305E5}.Debug|Any CPU.ActiveCfg = Debug|Any CPU
		{ADF68387-4C00-41C3-B9CE-C2972DA305E5}.Debug|Any CPU.Build.0 = Debug|Any CPU
		{ADF68387-4C00-41C3-B9CE-C2972DA305E5}.Release|Any CPU.ActiveCfg = Release|Any CPU
		{ADF68387-4C00-41C3-B9CE-C2972DA305E5}.Release|Any CPU.Build.0 = Release|Any CPU
		{AF583D61-C44F-49E7-8D16-F15F188BA2FF}.Debug|Any CPU.ActiveCfg = Debug|Any CPU
		{AF583D61-C44F-49E7-8D16-F15F188BA2FF}.Debug|Any CPU.Build.0 = Debug|Any CPU
		{AF583D61-C44F-49E7-8D16-F15F188BA2FF}.Release|Any CPU.ActiveCfg = Release|Any CPU
		{AF583D61-C44F-49E7-8D16-F15F188BA2FF}.Release|Any CPU.Build.0 = Release|Any CPU
		{1F67B61A-C9E1-475A-84ED-DB0A4212ECF1}.Debug|Any CPU.ActiveCfg = Debug|Any CPU
		{1F67B61A-C9E1-475A-84ED-DB0A4212ECF1}.Debug|Any CPU.Build.0 = Debug|Any CPU
		{1F67B61A-C9E1-475A-84ED-DB0A4212ECF1}.Release|Any CPU.ActiveCfg = Release|Any CPU
		{1F67B61A-C9E1-475A-84ED-DB0A4212ECF1}.Release|Any CPU.Build.0 = Release|Any CPU
		{5EFFE0D1-C211-479C-83EA-DBD2E722E390}.Debug|Any CPU.ActiveCfg = Debug|Any CPU
		{5EFFE0D1-C211-479C-83EA-DBD2E722E390}.Debug|Any CPU.Build.0 = Debug|Any CPU
		{5EFFE0D1-C211-479C-83EA-DBD2E722E390}.Release|Any CPU.ActiveCfg = Release|Any CPU
		{5EFFE0D1-C211-479C-83EA-DBD2E722E390}.Release|Any CPU.Build.0 = Release|Any CPU
	EndGlobalSection
	GlobalSection(NestedProjects) = preSolution
		{F41B1825-4828-45B1-B029-F04356699A6C} = {B9834551-8C2D-4934-8B0C-3762E9CE1F59}
		{5717701B-1825-4200-81C0-3E33B9CBC384} = {B9834551-8C2D-4934-8B0C-3762E9CE1F59}
		{ADF68387-4C00-41C3-B9CE-C2972DA305E5} = {B9834551-8C2D-4934-8B0C-3762E9CE1F59}
		{AF583D61-C44F-49E7-8D16-F15F188BA2FF} = {B9834551-8C2D-4934-8B0C-3762E9CE1F59}
		{1F67B61A-C9E1-475A-84ED-DB0A4212ECF1} = {2E034143-2F52-4BAA-9B98-4B17DEC97E44}
		{5EFFE0D1-C211-479C-83EA-DBD2E722E390} = {2E034143-2F52-4BAA-9B98-4B17DEC97E44}
	EndGlobalSection
EndGlobal
